{
  "name": "white-log4js",
  "version": "1.0.0",
  "lockfileVersion": 1,
  "requires": true,
  "dependencies": {
    "dayjs": {
      "version": "1.8.6",
      "resolved": "https://registry.npmjs.org/dayjs/-/dayjs-1.8.6.tgz",
      "integrity": "sha512-NLhaSS1/wWLRFy0Kn/VmsAExqll2zxRUPmPbqJoeMKQrFxG+RT94VMSE+cVljB6A76/zZkR0Xub4ihTHQ5HgGg=="
    },
    "typescript": {
      "version": "3.3.3333",
      "dev": true
    }
  }
}
